
Microsoft Visual Studio Solution File, Format Version 12.00
# Visual Studio 15
VisualStudioVersion = 15.0.27130.2024
MinimumVisualStudioVersion = 10.0.40219.1
Project("{FAE04EC0-301F-11D3-BF4B-00C04F79EFBC}") = "ATCB Uno Pack", "ATCB Uno Pack\ATCB Uno Pack.csproj", "{AEAA411F-FC56-411A-8CC7-6A2CBAEF6110}"
EndProject
Global
	GlobalSection(SolutionConfigurationPlatforms) = preSolution
		Debug|Any CPU = Debug|Any CPU
		Release|Any CPU = Release|Any CPU
	EndGlobalSection
	GlobalSection(ProjectConfigurationPlatforms) = postSolution
		{AEAA411F-FC56-411A-8CC7-6A2CBAEF6110}.Debug|Any CPU.ActiveCfg = Debug|Any CPU
		{AEAA411F-FC56-411A-8CC7-6A2CBAEF6110}.Debug|Any CPU.Build.0 = Debug|Any CPU
		{AEAA411F-FC56-411A-8CC7-6A2CBAEF6110}.Release|Any CPU.ActiveCfg = Release|Any CPU
		{AEAA411F-FC56-411A-8CC7-6A2CBAEF6110}.Release|Any CPU.Build.0 = Release|Any CPU
	EndGlobalSection
	GlobalSection(SolutionProperties) = preSolution
		HideSolutionNode = FALSE
	EndGlobalSection
	GlobalSection(ExtensibilityGlobals) = postSolution
		SolutionGuid = {50482C53-2482-4EAF-AA8F-8E7A0F4243F2}
	EndGlobalSection
EndGlobal
